
Microsoft Visual Studio Solution File, Format Version 12.00
# Visual Studio 15
VisualStudioVersion = 15.0.27130.2026
MinimumVisualStudioVersion = 10.0.40219.1
Project("{9A19103F-16F7-4668-BE54-9A1E7A4F7556}") = "Elo.DbHandler", "Elo.DbHandler\Elo.DbHandler.csproj", "{A5C12D06-8008-41DD-B642-28297CC7684B}"
EndProject
Project("{9A19103F-16F7-4668-BE54-9A1E7A4F7556}") = "Elo.Models", "Elo.Models\Elo.Models.csproj", "{2F9D7F75-B7DA-470B-875B-D57E279AEBE8}"
EndProject
Project("{9A19103F-16F7-4668-BE54-9A1E7A4F7556}") = "Elo.WebApp", "Elo.WebApp\Elo.WebApp.csproj", "{603D5C4E-D8AB-49B5-B8FA-4506B0C90E1E}"
EndProject
Project("{9A19103F-16F7-4668-BE54-9A1E7A4F7556}") = "Elo.Lib", "Elo.Lib\Elo.Lib.csproj", "{DA42C2D1-0096-44A8-ACD4-1A6FAFCA34B8}"
EndProject
Project("{9A19103F-16F7-4668-BE54-9A1E7A4F7556}") = "Elo.RecalculateRatings", "Elo.RecalculateRatings\Elo.RecalculateRatings.csproj", "{680D9B29-955C-4653-B414-1342856504CC}"
EndProject
Project("{9A19103F-16F7-4668-BE54-9A1E7A4F7556}") = "Elo.Common", "Elo.Common\Elo.Common.csproj", "{F7583761-7E95-4BDD-AB5F-E49EEEC67B0A}"
EndProject
Project("{2150E333-8FDC-42A3-9474-1A3956D46DE8}") = "Tools", "Tools", "{143F28BB-B6CA-4D22-9861-FE228607DF5F}"
EndProject
Project("{FAE04EC0-301F-11D3-BF4B-00C04F79EFBC}") = "Elo.AddSeasons", "Tools\Elo.AddSeasons\Elo.AddSeasons.csproj", "{DD024B29-32E8-48BE-AF6B-A441E48B6416}"
EndProject
Global
	GlobalSection(SolutionConfigurationPlatforms) = preSolution
		Debug|Any CPU = Debug|Any CPU
		Release|Any CPU = Release|Any CPU
	EndGlobalSection
	GlobalSection(ProjectConfigurationPlatforms) = postSolution
		{A5C12D06-8008-41DD-B642-28297CC7684B}.Debug|Any CPU.ActiveCfg = Debug|Any CPU
		{A5C12D06-8008-41DD-B642-28297CC7684B}.Debug|Any CPU.Build.0 = Debug|Any CPU
		{A5C12D06-8008-41DD-B642-28297CC7684B}.Release|Any CPU.ActiveCfg = Release|Any CPU
		{A5C12D06-8008-41DD-B642-28297CC7684B}.Release|Any CPU.Build.0 = Release|Any CPU
		{2F9D7F75-B7DA-470B-875B-D57E279AEBE8}.Debug|Any CPU.ActiveCfg = Debug|Any CPU
		{2F9D7F75-B7DA-470B-875B-D57E279AEBE8}.Debug|Any CPU.Build.0 = Debug|Any CPU
		{2F9D7F75-B7DA-470B-875B-D57E279AEBE8}.Release|Any CPU.ActiveCfg = Release|Any CPU
		{2F9D7F75-B7DA-470B-875B-D57E279AEBE8}.Release|Any CPU.Build.0 = Release|Any CPU
		{603D5C4E-D8AB-49B5-B8FA-4506B0C90E1E}.Debug|Any CPU.ActiveCfg = Debug|Any CPU
		{603D5C4E-D8AB-49B5-B8FA-4506B0C90E1E}.Debug|Any CPU.Build.0 = Debug|Any CPU
		{603D5C4E-D8AB-49B5-B8FA-4506B0C90E1E}.Release|Any CPU.ActiveCfg = Release|Any CPU
		{603D5C4E-D8AB-49B5-B8FA-4506B0C90E1E}.Release|Any CPU.Build.0 = Release|Any CPU
		{DA42C2D1-0096-44A8-ACD4-1A6FAFCA34B8}.Debug|Any CPU.ActiveCfg = Debug|Any CPU
		{DA42C2D1-0096-44A8-ACD4-1A6FAFCA34B8}.Debug|Any CPU.Build.0 = Debug|Any CPU
		{DA42C2D1-0096-44A8-ACD4-1A6FAFCA34B8}.Release|Any CPU.ActiveCfg = Release|Any CPU
		{DA42C2D1-0096-44A8-ACD4-1A6FAFCA34B8}.Release|Any CPU.Build.0 = Release|Any CPU
		{680D9B29-955C-4653-B414-1342856504CC}.Debug|Any CPU.ActiveCfg = Debug|Any CPU
		{680D9B29-955C-4653-B414-1342856504CC}.Debug|Any CPU.Build.0 = Debug|Any CPU
		{680D9B29-955C-4653-B414-1342856504CC}.Release|Any CPU.ActiveCfg = Release|Any CPU
		{680D9B29-955C-4653-B414-1342856504CC}.Release|Any CPU.Build.0 = Release|Any CPU
		{F7583761-7E95-4BDD-AB5F-E49EEEC67B0A}.Debug|Any CPU.ActiveCfg = Debug|Any CPU
		{F7583761-7E95-4BDD-AB5F-E49EEEC67B0A}.Debug|Any CPU.Build.0 = Debug|Any CPU
		{F7583761-7E95-4BDD-AB5F-E49EEEC67B0A}.Release|Any CPU.ActiveCfg = Release|Any CPU
		{F7583761-7E95-4BDD-AB5F-E49EEEC67B0A}.Release|Any CPU.Build.0 = Release|Any CPU
		{DD024B29-32E8-48BE-AF6B-A441E48B6416}.Debug|Any CPU.ActiveCfg = Debug|Any CPU
		{DD024B29-32E8-48BE-AF6B-A441E48B6416}.Debug|Any CPU.Build.0 = Debug|Any CPU
		{DD024B29-32E8-48BE-AF6B-A441E48B6416}.Release|Any CPU.ActiveCfg = Release|Any CPU
		{DD024B29-32E8-48BE-AF6B-A441E48B6416}.Release|Any CPU.Build.0 = Release|Any CPU
	EndGlobalSection
	GlobalSection(SolutionProperties) = preSolution
		HideSolutionNode = FALSE
	EndGlobalSection
	GlobalSection(NestedProjects) = preSolution
		{680D9B29-955C-4653-B414-1342856504CC} = {143F28BB-B6CA-4D22-9861-FE228607DF5F}
		{DD024B29-32E8-48BE-AF6B-A441E48B6416} = {143F28BB-B6CA-4D22-9861-FE228607DF5F}
	EndGlobalSection
	GlobalSection(ExtensibilityGlobals) = postSolution
		SolutionGuid = {21032E13-636F-4D0A-8B6E-4AC328E16FCE}
	EndGlobalSection
EndGlobal
